
Microsoft Visual Studio Solution File, Format Version 12.00
# Visual Studio Version 17
VisualStudioVersion = 17.0.31903.59
MinimumVisualStudioVersion = 10.0.40219.1
Project("{FAE04EC0-301F-11D3-BF4B-00C04F79EFBC}") = "CsvToSqlImporter", "CsvToSqlImporter\CsvToSqlImporter.csproj", "{65B931DE-2320-48FF-9AC6-C5364953F559}"
EndProject
Project("{FAE04EC0-301F-11D3-BF4B-00C04F79EFBC}") = "ERD Example", "ERD Example\ERD Example.csproj", "{C88FCB4E-8487-4FF1-B00A-D7F2A6E219A8}"
EndProject
Project("{00D1A9C2-B5F0-4AF3-8072-F6C62B433612}") = "SQL_Scripts", "ERD SQL Database Project\SQL_Scripts.sqlproj", "{8054CDDF-EBFD-4F32-BAD1-24133C3F9267}"
EndProject
Project("{C9674DCB-5085-4A16-B785-4C70DD1589BD}") = "BBCRM_to_Salesforce_SSIS", "BBCRM_to_Salesforce_SSIS\BBCRM_to_Salesforce_SSIS.dtproj", "{F5B527D1-597C-2BF9-D783-5D30B4E87A56}"
EndProject
Project("{888888A0-9F3D-457C-B088-3A5042F75D52}") = "Python_Scripts", "PythonDBSupport\Python_Scripts.pyproj", "{34273234-A952-4065-936E-A44875432529}"
EndProject
Global
	GlobalSection(SolutionConfigurationPlatforms) = preSolution
		Debug|Any CPU = Debug|Any CPU
		Debug|x64 = Debug|x64
		Debug|x86 = Debug|x86
		Development|Any CPU = Development|Any CPU
		Development|x64 = Development|x64
		Development|x86 = Development|x86
		Release|Any CPU = Release|Any CPU
		Release|x64 = Release|x64
		Release|x86 = Release|x86
	EndGlobalSection
	GlobalSection(ProjectConfigurationPlatforms) = postSolution
		{65B931DE-2320-48FF-9AC6-C5364953F559}.Debug|Any CPU.ActiveCfg = Debug|Any CPU
		{65B931DE-2320-48FF-9AC6-C5364953F559}.Debug|Any CPU.Build.0 = Debug|Any CPU
		{65B931DE-2320-48FF-9AC6-C5364953F559}.Debug|x64.ActiveCfg = Debug|Any CPU
		{65B931DE-2320-48FF-9AC6-C5364953F559}.Debug|x64.Build.0 = Debug|Any CPU
		{65B931DE-2320-48FF-9AC6-C5364953F559}.Debug|x86.ActiveCfg = Debug|Any CPU
		{65B931DE-2320-48FF-9AC6-C5364953F559}.Debug|x86.Build.0 = Debug|Any CPU
		{65B931DE-2320-48FF-9AC6-C5364953F559}.Development|Any CPU.ActiveCfg = Release|Any CPU
		{65B931DE-2320-48FF-9AC6-C5364953F559}.Development|Any CPU.Build.0 = Release|Any CPU
		{65B931DE-2320-48FF-9AC6-C5364953F559}.Development|x64.ActiveCfg = Release|Any CPU
		{65B931DE-2320-48FF-9AC6-C5364953F559}.Development|x64.Build.0 = Release|Any CPU
		{65B931DE-2320-48FF-9AC6-C5364953F559}.Development|x86.ActiveCfg = Release|Any CPU
		{65B931DE-2320-48FF-9AC6-C5364953F559}.Development|x86.Build.0 = Release|Any CPU
		{65B931DE-2320-48FF-9AC6-C5364953F559}.Release|Any CPU.ActiveCfg = Release|Any CPU
		{65B931DE-2320-48FF-9AC6-C5364953F559}.Release|Any CPU.Build.0 = Release|Any CPU
		{65B931DE-2320-48FF-9AC6-C5364953F559}.Release|x64.ActiveCfg = Release|Any CPU
		{65B931DE-2320-48FF-9AC6-C5364953F559}.Release|x64.Build.0 = Release|Any CPU
		{65B931DE-2320-48FF-9AC6-C5364953F559}.Release|x86.ActiveCfg = Release|Any CPU
		{65B931DE-2320-48FF-9AC6-C5364953F559}.Release|x86.Build.0 = Release|Any CPU
		{C88FCB4E-8487-4FF1-B00A-D7F2A6E219A8}.Debug|Any CPU.ActiveCfg = Debug|Any CPU
		{C88FCB4E-8487-4FF1-B00A-D7F2A6E219A8}.Debug|Any CPU.Build.0 = Debug|Any CPU
		{C88FCB4E-8487-4FF1-B00A-D7F2A6E219A8}.Debug|x64.ActiveCfg = Debug|Any CPU
		{C88FCB4E-8487-4FF1-B00A-D7F2A6E219A8}.Debug|x64.Build.0 = Debug|Any CPU
		{C88FCB4E-8487-4FF1-B00A-D7F2A6E219A8}.Debug|x86.ActiveCfg = Debug|Any CPU
		{C88FCB4E-8487-4FF1-B00A-D7F2A6E219A8}.Debug|x86.Build.0 = Debug|Any CPU
		{C88FCB4E-8487-4FF1-B00A-D7F2A6E219A8}.Development|Any CPU.ActiveCfg = Release|Any CPU
		{C88FCB4E-8487-4FF1-B00A-D7F2A6E219A8}.Development|Any CPU.Build.0 = Release|Any CPU
		{C88FCB4E-8487-4FF1-B00A-D7F2A6E219A8}.Development|x64.ActiveCfg = Release|Any CPU
		{C88FCB4E-8487-4FF1-B00A-D7F2A6E219A8}.Development|x64.Build.0 = Release|Any CPU
		{C88FCB4E-8487-4FF1-B00A-D7F2A6E219A8}.Development|x86.ActiveCfg = Release|Any CPU
		{C88FCB4E-8487-4FF1-B00A-D7F2A6E219A8}.Development|x86.Build.0 = Release|Any CPU
		{C88FCB4E-8487-4FF1-B00A-D7F2A6E219A8}.Release|Any CPU.ActiveCfg = Release|Any CPU
		{C88FCB4E-8487-4FF1-B00A-D7F2A6E219A8}.Release|Any CPU.Build.0 = Release|Any CPU
		{C88FCB4E-8487-4FF1-B00A-D7F2A6E219A8}.Release|x64.ActiveCfg = Release|Any CPU
		{C88FCB4E-8487-4FF1-B00A-D7F2A6E219A8}.Release|x64.Build.0 = Release|Any CPU
		{C88FCB4E-8487-4FF1-B00A-D7F2A6E219A8}.Release|x86.ActiveCfg = Release|Any CPU
		{C88FCB4E-8487-4FF1-B00A-D7F2A6E219A8}.Release|x86.Build.0 = Release|Any CPU
		{8054CDDF-EBFD-4F32-BAD1-24133C3F9267}.Debug|Any CPU.ActiveCfg = Debug|Any CPU
		{8054CDDF-EBFD-4F32-BAD1-24133C3F9267}.Debug|Any CPU.Build.0 = Debug|Any CPU
		{8054CDDF-EBFD-4F32-BAD1-24133C3F9267}.Debug|Any CPU.Deploy.0 = Debug|Any CPU
		{8054CDDF-EBFD-4F32-BAD1-24133C3F9267}.Debug|x64.ActiveCfg = Debug|Any CPU
		{8054CDDF-EBFD-4F32-BAD1-24133C3F9267}.Debug|x64.Build.0 = Debug|Any CPU
		{8054CDDF-EBFD-4F32-BAD1-24133C3F9267}.Debug|x64.Deploy.0 = Debug|Any CPU
		{8054CDDF-EBFD-4F32-BAD1-24133C3F9267}.Debug|x86.ActiveCfg = Debug|Any CPU
		{8054CDDF-EBFD-4F32-BAD1-24133C3F9267}.Debug|x86.Build.0 = Debug|Any CPU
		{8054CDDF-EBFD-4F32-BAD1-24133C3F9267}.Debug|x86.Deploy.0 = Debug|Any CPU
		{8054CDDF-EBFD-4F32-BAD1-24133C3F9267}.Development|Any CPU.ActiveCfg = Release|Any CPU
		{8054CDDF-EBFD-4F32-BAD1-24133C3F9267}.Development|Any CPU.Build.0 = Release|Any CPU
		{8054CDDF-EBFD-4F32-BAD1-24133C3F9267}.Development|Any CPU.Deploy.0 = Release|Any CPU
		{8054CDDF-EBFD-4F32-BAD1-24133C3F9267}.Development|x64.ActiveCfg = Release|Any CPU
		{8054CDDF-EBFD-4F32-BAD1-24133C3F9267}.Development|x64.Build.0 = Release|Any CPU
		{8054CDDF-EBFD-4F32-BAD1-24133C3F9267}.Development|x64.Deploy.0 = Release|Any CPU
		{8054CDDF-EBFD-4F32-BAD1-24133C3F9267}.Development|x86.ActiveCfg = Release|Any CPU
		{8054CDDF-EBFD-4F32-BAD1-24133C3F9267}.Development|x86.Build.0 = Release|Any CPU
		{8054CDDF-EBFD-4F32-BAD1-24133C3F9267}.Development|x86.Deploy.0 = Release|Any CPU
		{8054CDDF-EBFD-4F32-BAD1-24133C3F9267}.Release|Any CPU.ActiveCfg = Release|Any CPU
		{8054CDDF-EBFD-4F32-BAD1-24133C3F9267}.Release|Any CPU.Build.0 = Release|Any CPU
		{8054CDDF-EBFD-4F32-BAD1-24133C3F9267}.Release|Any CPU.Deploy.0 = Release|Any CPU
		{8054CDDF-EBFD-4F32-BAD1-24133C3F9267}.Release|x64.ActiveCfg = Release|Any CPU
		{8054CDDF-EBFD-4F32-BAD1-24133C3F9267}.Release|x64.Build.0 = Release|Any CPU
		{8054CDDF-EBFD-4F32-BAD1-24133C3F9267}.Release|x64.Deploy.0 = Release|Any CPU
		{8054CDDF-EBFD-4F32-BAD1-24133C3F9267}.Release|x86.ActiveCfg = Release|Any CPU
		{8054CDDF-EBFD-4F32-BAD1-24133C3F9267}.Release|x86.Build.0 = Release|Any CPU
		{8054CDDF-EBFD-4F32-BAD1-24133C3F9267}.Release|x86.Deploy.0 = Release|Any CPU
		{F5B527D1-597C-2BF9-D783-5D30B4E87A56}.Debug|Any CPU.ActiveCfg = Development
		{F5B527D1-597C-2BF9-D783-5D30B4E87A56}.Debug|Any CPU.Build.0 = Development
		{F5B527D1-597C-2BF9-D783-5D30B4E87A56}.Debug|x64.ActiveCfg = Development
		{F5B527D1-597C-2BF9-D783-5D30B4E87A56}.Debug|x64.Build.0 = Development
		{F5B527D1-597C-2BF9-D783-5D30B4E87A56}.Debug|x86.ActiveCfg = Development
		{F5B527D1-597C-2BF9-D783-5D30B4E87A56}.Debug|x86.Build.0 = Development
		{F5B527D1-597C-2BF9-D783-5D30B4E87A56}.Development|Any CPU.ActiveCfg = Development
		{F5B527D1-597C-2BF9-D783-5D30B4E87A56}.Development|Any CPU.Build.0 = Development
		{F5B527D1-597C-2BF9-D783-5D30B4E87A56}.Development|x64.ActiveCfg = Development
		{F5B527D1-597C-2BF9-D783-5D30B4E87A56}.Development|x64.Build.0 = Development
		{F5B527D1-597C-2BF9-D783-5D30B4E87A56}.Development|x86.ActiveCfg = Development
		{F5B527D1-597C-2BF9-D783-5D30B4E87A56}.Development|x86.Build.0 = Development
		{F5B527D1-597C-2BF9-D783-5D30B4E87A56}.Release|Any CPU.ActiveCfg = Development
		{F5B527D1-597C-2BF9-D783-5D30B4E87A56}.Release|Any CPU.Build.0 = Development
		{F5B527D1-597C-2BF9-D783-5D30B4E87A56}.Release|x64.ActiveCfg = Development
		{F5B527D1-597C-2BF9-D783-5D30B4E87A56}.Release|x64.Build.0 = Development
		{F5B527D1-597C-2BF9-D783-5D30B4E87A56}.Release|x86.ActiveCfg = Development
		{F5B527D1-597C-2BF9-D783-5D30B4E87A56}.Release|x86.Build.0 = Development
		{34273234-A952-4065-936E-A44875432529}.Debug|Any CPU.ActiveCfg = Debug|Any CPU
		{34273234-A952-4065-936E-A44875432529}.Debug|x64.ActiveCfg = Debug|Any CPU
		{34273234-A952-4065-936E-A44875432529}.Debug|x86.ActiveCfg = Debug|Any CPU
		{34273234-A952-4065-936E-A44875432529}.Development|Any CPU.ActiveCfg = Release|Any CPU
		{34273234-A952-4065-936E-A44875432529}.Development|x64.ActiveCfg = Release|Any CPU
		{34273234-A952-4065-936E-A44875432529}.Development|x86.ActiveCfg = Release|Any CPU
		{34273234-A952-4065-936E-A44875432529}.Release|Any CPU.ActiveCfg = Release|Any CPU
		{34273234-A952-4065-936E-A44875432529}.Release|x64.ActiveCfg = Release|Any CPU
		{34273234-A952-4065-936E-A44875432529}.Release|x86.ActiveCfg = Release|Any CPU
	EndGlobalSection
	GlobalSection(SolutionProperties) = preSolution
		HideSolutionNode = FALSE
	EndGlobalSection
	GlobalSection(ExtensibilityGlobals) = postSolution
		SolutionGuid = {9D68D721-6F0B-4182-B74A-0F1919544A55}
	EndGlobalSection
EndGlobal
